
Microsoft Visual Studio Solution File, Format Version 12.00
# Visual Studio Version 17
VisualStudioVersion = 17.11.35303.130
MinimumVisualStudioVersion = 10.0.40219.1
Project("{FAE04EC0-301F-11D3-BF4B-00C04F79EFBC}") = "Ttalesson07", "Ttalesson07\Ttalesson07.csproj", "{A07000F5-834C-482F-B8D3-4A495F074E3F}"
EndProject
Global
	GlobalSection(SolutionConfigurationPlatforms) = preSolution
		Debug|Any CPU = Debug|Any CPU
		Release|Any CPU = Release|Any CPU
	EndGlobalSection
	GlobalSection(ProjectConfigurationPlatforms) = postSolution
		{A07000F5-834C-482F-B8D3-4A495F074E3F}.Debug|Any CPU.ActiveCfg = Debug|Any CPU
		{A07000F5-834C-482F-B8D3-4A495F074E3F}.Debug|Any CPU.Build.0 = Debug|Any CPU
		{A07000F5-834C-482F-B8D3-4A495F074E3F}.Release|Any CPU.ActiveCfg = Release|Any CPU
		{A07000F5-834C-482F-B8D3-4A495F074E3F}.Release|Any CPU.Build.0 = Release|Any CPU
	EndGlobalSection
	GlobalSection(SolutionProperties) = preSolution
		HideSolutionNode = FALSE
	EndGlobalSection
	GlobalSection(ExtensibilityGlobals) = postSolution
		SolutionGuid = {9C3D78C1-5B0E-4727-9D76-1A9248A79CFD}
	EndGlobalSection
EndGlobal
